
Microsoft Visual Studio Solution File, Format Version 12.00
# Visual Studio 14
VisualStudioVersion = 14.0.25420.1
MinimumVisualStudioVersion = 10.0.40219.1
Project("{FAE04EC0-301F-11D3-BF4B-00C04F79EFBC}") = "Eyedia.Aarbac.Framework", "Eyedia.Aarbac.Framework\Eyedia.Aarbac.Framework.csproj", "{759BE30A-356A-45C9-81E3-1FB76177CD12}"
EndProject
Project("{FAE04EC0-301F-11D3-BF4B-00C04F79EFBC}") = "Eyedia.Aarbac.Command", "Eyedia.Aarbac.Command\Eyedia.Aarbac.Command.csproj", "{A23E2A3F-CFCA-40B3-9973-FE3059A9553F}"
EndProject
Project("{2150E333-8FDC-42A3-9474-1A3956D46DE8}") = "Solution Items", "Solution Items", "{5C64F81C-C669-4EAE-98CF-B8BF40601E8D}"
EndProject
Project("{FAE04EC0-301F-11D3-BF4B-00C04F79EFBC}") = "Eyedia.Aarbac.Api", "Eyedia.Aarbac.Api\Eyedia.Aarbac.Api.csproj", "{15674D0A-920B-4DAC-B9E7-AED94DE27CB8}"
EndProject
Global
	GlobalSection(SolutionConfigurationPlatforms) = preSolution
		Debug|Any CPU = Debug|Any CPU
		Release|Any CPU = Release|Any CPU
	EndGlobalSection
	GlobalSection(ProjectConfigurationPlatforms) = postSolution
		{759BE30A-356A-45C9-81E3-1FB76177CD12}.Debug|Any CPU.ActiveCfg = Debug|Any CPU
		{759BE30A-356A-45C9-81E3-1FB76177CD12}.Debug|Any CPU.Build.0 = Debug|Any CPU
		{759BE30A-356A-45C9-81E3-1FB76177CD12}.Release|Any CPU.ActiveCfg = Release|Any CPU
		{759BE30A-356A-45C9-81E3-1FB76177CD12}.Release|Any CPU.Build.0 = Release|Any CPU
		{A23E2A3F-CFCA-40B3-9973-FE3059A9553F}.Debug|Any CPU.ActiveCfg = Debug|Any CPU
		{A23E2A3F-CFCA-40B3-9973-FE3059A9553F}.Debug|Any CPU.Build.0 = Debug|Any CPU
		{A23E2A3F-CFCA-40B3-9973-FE3059A9553F}.Release|Any CPU.ActiveCfg = Release|Any CPU
		{A23E2A3F-CFCA-40B3-9973-FE3059A9553F}.Release|Any CPU.Build.0 = Release|Any CPU
		{15674D0A-920B-4DAC-B9E7-AED94DE27CB8}.Debug|Any CPU.ActiveCfg = Debug|Any CPU
		{15674D0A-920B-4DAC-B9E7-AED94DE27CB8}.Debug|Any CPU.Build.0 = Debug|Any CPU
		{15674D0A-920B-4DAC-B9E7-AED94DE27CB8}.Release|Any CPU.ActiveCfg = Release|Any CPU
		{15674D0A-920B-4DAC-B9E7-AED94DE27CB8}.Release|Any CPU.Build.0 = Release|Any CPU
	EndGlobalSection
	GlobalSection(SolutionProperties) = preSolution
		HideSolutionNode = FALSE
	EndGlobalSection
EndGlobal
